<?xml version="1.0" encoding="utf-8"?>
<Project ToolsVersion="4.0" xmlns="http://schemas.microsoft.com/developer/msbuild/2003">
  <ItemGroup>
    <ClCompile Include="main.cpp" />
    <ClCompile Include="TestScene.cpp">
      <Filter>Scene</Filter>
    </ClCompile>
    <ClCompile Include="TestObject.cpp">
      <Filter>GameObject</Filter>
    </ClCompile>
    <ClCompile Include="TestCameraObject.cpp">
      <Filter>GameObject</Filter>
    </ClCompile>
    <ClCompile Include="CamRotObject.cpp">
      <Filter>GameObject</Filter>
    </ClCompile>
  </ItemGroup>
  <ItemGroup>
    <ClInclude Include="stdafx.h" />
    <ClInclude Include="TestScene.h">
      <Filter>Scene</Filter>
    </ClInclude>
    <ClInclude Include="TestObject.h">
      <Filter>GameObject</Filter>
    </ClInclude>
    <ClInclude Include="TestCameraObject.h">
      <Filter>GameObject</Filter>
    </ClInclude>
    <ClInclude Include="CamRotObject.h">
      <Filter>GameObject</Filter>
    </ClInclude>
  </ItemGroup>
  <ItemGroup>
    <Filter Include="Scene">
      <UniqueIdentifier>{d1d2d347-1d4b-4c24-881e-a79233f05bf1}</UniqueIdentifier>
    </Filter>
    <Filter Include="GameObject">
      <UniqueIdentifier>{0c0b1247-c226-43ea-8e17-a5aa2b159cf4}</UniqueIdentifier>
    </Filter>
  </ItemGroup>
</Project>