<?xml version="1.0" encoding="utf-8"?>
<Project ToolsVersion="4.0" xmlns="http://schemas.microsoft.com/developer/msbuild/2003">
  <ItemGroup>
    <ClCompile Include="main.cpp" />
    <ClCompile Include="TestScene.cpp">
      <Filter>Scene</Filter>
    </ClCompile>
    <ClCompile Include="TestObject.cpp">
      <Filter>GameObject</Filter>
    </ClCompile>
    <ClCompile Include="HyojeTestScene.cpp">
      <Filter>Scene</Filter>
    </ClCompile>
    <ClCompile Include="HyojeTestObject.cpp">
      <Filter>GameObject</Filter>
    </ClCompile>
    <ClCompile Include="TestCameraObject.cpp">
      <Filter>GameObject\Camera</Filter>
    </ClCompile>
    <ClCompile Include="CamRotObject.cpp">
      <Filter>GameObject\Camera</Filter>
    </ClCompile>
    <ClCompile Include="BlenderCameraObject.cpp">
      <Filter>GameObject\Camera</Filter>
    </ClCompile>
    <ClCompile Include="YdmTestObject.cpp">
      <Filter>GameObject</Filter>
    </ClCompile>
    <ClCompile Include="ClientTestScene.cpp">
      <Filter>Scene</Filter>
    </ClCompile>
    <ClCompile Include="HostTestScene.cpp">
      <Filter>Scene</Filter>
    </ClCompile>
  </ItemGroup>
  <ItemGroup>
    <ClInclude Include="stdafx.h" />
    <ClInclude Include="TestScene.h">
      <Filter>Scene</Filter>
    </ClInclude>
    <ClInclude Include="TestObject.h">
      <Filter>GameObject</Filter>
    </ClInclude>
    <ClInclude Include="HyojeTestScene.h">
      <Filter>Scene</Filter>
    </ClInclude>
    <ClInclude Include="HyojeTestObject.h">
      <Filter>GameObject</Filter>
    </ClInclude>
    <ClInclude Include="TestCameraObject.h">
      <Filter>GameObject\Camera</Filter>
    </ClInclude>
    <ClInclude Include="CamRotObject.h">
      <Filter>GameObject\Camera</Filter>
    </ClInclude>
    <ClInclude Include="BlenderCameraObject.h">
      <Filter>GameObject\Camera</Filter>
    </ClInclude>
    <ClInclude Include="ClientTestScene.h">
      <Filter>Scene</Filter>
    </ClInclude>
    <ClInclude Include="YdmTestObject.h">
      <Filter>GameObject</Filter>
    </ClInclude>
    <ClInclude Include="HostTestScene.h">
      <Filter>Scene</Filter>
    </ClInclude>
  </ItemGroup>
  <ItemGroup>
    <Filter Include="Scene">
      <UniqueIdentifier>{d1d2d347-1d4b-4c24-881e-a79233f05bf1}</UniqueIdentifier>
    </Filter>
    <Filter Include="GameObject">
      <UniqueIdentifier>{0c0b1247-c226-43ea-8e17-a5aa2b159cf4}</UniqueIdentifier>
    </Filter>
    <Filter Include="GameObject\Camera">
      <UniqueIdentifier>{cbfb4604-31c4-409a-ab7f-a427d2aa44a6}</UniqueIdentifier>
    </Filter>
  </ItemGroup>
</Project>