<?xml version="1.0" encoding="utf-8"?>
<Project ToolsVersion="4.0" xmlns="http://schemas.microsoft.com/developer/msbuild/2003">
  <ItemGroup>
    <Filter Include="Render">
      <UniqueIdentifier>{cf90c0b6-382f-41e0-98ae-44c69a9c1bbb}</UniqueIdentifier>
    </Filter>
    <Filter Include="Shader">
      <UniqueIdentifier>{ed1a30db-b46d-4a43-bd79-ed355a225eda}</UniqueIdentifier>
    </Filter>
    <Filter Include="Scene">
      <UniqueIdentifier>{cf7d56b7-51bf-4646-a63f-11327a933aec}</UniqueIdentifier>
    </Filter>
    <Filter Include="Scene\GameObject">
      <UniqueIdentifier>{f03bcef5-616c-4bf6-897d-ed1300e98a76}</UniqueIdentifier>
    </Filter>
    <Filter Include="Scene\GameObject\Component">
      <UniqueIdentifier>{8a46f177-3617-43fa-ab1a-28387589cd92}</UniqueIdentifier>
    </Filter>
    <Filter Include="Manager">
      <UniqueIdentifier>{b704db7d-9366-450b-908e-d5b7607566e6}</UniqueIdentifier>
    </Filter>
    <Filter Include="Manager\Input">
      <UniqueIdentifier>{6751b606-7ad5-4d02-95fa-9b35d5cff09b}</UniqueIdentifier>
    </Filter>
  </ItemGroup>
  <ItemGroup>
    <ClCompile Include="Renderer.cpp">
      <Filter>Render</Filter>
    </ClCompile>
    <ClCompile Include="GameObjectBase.cpp">
      <Filter>Scene\GameObject</Filter>
    </ClCompile>
    <ClCompile Include="SceneBase.cpp">
      <Filter>Scene</Filter>
    </ClCompile>
    <ClCompile Include="ComponentBase.cpp">
      <Filter>Scene\GameObject\Component</Filter>
    </ClCompile>
    <ClCompile Include="ModelComponent.cpp">
      <Filter>Scene\GameObject\Component</Filter>
    </ClCompile>
    <ClCompile Include="CameraComponent.cpp">
      <Filter>Scene\GameObject\Component</Filter>
    </ClCompile>
    <ClCompile Include="TimeManager.cpp">
      <Filter>Manager</Filter>
    </ClCompile>
    <ClCompile Include="WindowManager.cpp">
      <Filter>Manager</Filter>
    </ClCompile>
    <ClCompile Include="SceneManager.cpp">
      <Filter>Manager</Filter>
    </ClCompile>
    <ClCompile Include="ResourceManager.cpp">
      <Filter>Manager</Filter>
    </ClCompile>
    <ClCompile Include="InputManager.cpp">
      <Filter>Manager\Input</Filter>
    </ClCompile>
    <ClCompile Include="LineComponent.cpp">
      <Filter>Scene\GameObject\Component</Filter>
    </ClCompile>
    <ClCompile Include="Base.cpp">
      <Filter>Scene</Filter>
    </ClCompile>
    <ClCompile Include="TypeRegistry.cpp">
      <Filter>Manager</Filter>
    </ClCompile>
  </ItemGroup>
  <ItemGroup>
    <ClInclude Include="Renderer.h">
      <Filter>Render</Filter>
    </ClInclude>
    <ClInclude Include="stdafx.h" />
    <ClInclude Include="GameObjectBase.h">
      <Filter>Scene\GameObject</Filter>
    </ClInclude>
    <ClInclude Include="SceneBase.h">
      <Filter>Scene</Filter>
    </ClInclude>
    <ClInclude Include="ComponentBase.h">
      <Filter>Scene\GameObject\Component</Filter>
    </ClInclude>
    <ClInclude Include="ModelComponent.h">
      <Filter>Scene\GameObject\Component</Filter>
    </ClInclude>
    <ClInclude Include="CameraComponent.h">
      <Filter>Scene\GameObject\Component</Filter>
    </ClInclude>
    <ClInclude Include="Resource.h">
      <Filter>Render</Filter>
    </ClInclude>
    <ClInclude Include="TimeManager.h">
      <Filter>Manager</Filter>
    </ClInclude>
    <ClInclude Include="WindowManager.h">
      <Filter>Manager</Filter>
    </ClInclude>
    <ClInclude Include="SceneManager.h">
      <Filter>Manager</Filter>
    </ClInclude>
    <ClInclude Include="ResourceManager.h">
      <Filter>Manager</Filter>
    </ClInclude>
    <ClInclude Include="Base.h">
      <Filter>Scene</Filter>
    </ClInclude>
    <ClInclude Include="Singleton.h">
      <Filter>Manager</Filter>
    </ClInclude>
    <ClInclude Include="InputManager.h">
      <Filter>Manager\Input</Filter>
    </ClInclude>
    <ClInclude Include="KeyCode.h">
      <Filter>Manager\Input</Filter>
    </ClInclude>
    <ClInclude Include="LineComponent.h">
      <Filter>Scene\GameObject\Component</Filter>
    </ClInclude>
    <ClInclude Include="TypeRegistry.h">
      <Filter>Manager</Filter>
    </ClInclude>
  </ItemGroup>
  <ItemGroup>
    <FxCompile Include="..\Asset\Shader\PSPostProcessing.hlsl">
      <Filter>Shader</Filter>
    </FxCompile>
    <FxCompile Include="..\Asset\Shader\VSPostProcessing.hlsl">
      <Filter>Shader</Filter>
    </FxCompile>
    <FxCompile Include="..\Asset\Shader\PSModel.hlsl">
      <Filter>Shader</Filter>
    </FxCompile>
    <FxCompile Include="..\Asset\Shader\VSModel.hlsl">
      <Filter>Shader</Filter>
    </FxCompile>
    <FxCompile Include="..\Asset\Shader\PSSkybox.hlsl">
      <Filter>Shader</Filter>
    </FxCompile>
    <FxCompile Include="..\Asset\Shader\VSSkybox.hlsl">
      <Filter>Shader</Filter>
    </FxCompile>
    <FxCompile Include="..\Asset\Shader\PSLine.hlsl">
      <Filter>Shader</Filter>
    </FxCompile>
    <FxCompile Include="..\Asset\Shader\VSLine.hlsl">
      <Filter>Shader</Filter>
    </FxCompile>
  </ItemGroup>
  <ItemGroup>
    <None Include="..\Asset\Shader\CommonVS.hlsli">
      <Filter>Shader</Filter>
    </None>
    <None Include="..\Asset\Shader\CommonMath.hlsli">
      <Filter>Shader</Filter>
    </None>
    <None Include="..\Asset\Shader\CommonPS.hlsli">
      <Filter>Shader</Filter>
    </None>
  </ItemGroup>
</Project>