<?xml version="1.0" encoding="utf-8"?>
<Project ToolsVersion="4.0" xmlns="http://schemas.microsoft.com/developer/msbuild/2003">
  <ItemGroup>
    <Filter Include="Render">
      <UniqueIdentifier>{cf90c0b6-382f-41e0-98ae-44c69a9c1bbb}</UniqueIdentifier>
    </Filter>
    <Filter Include="Shader">
      <UniqueIdentifier>{ed1a30db-b46d-4a43-bd79-ed355a225eda}</UniqueIdentifier>
    </Filter>
    <Filter Include="Window">
      <UniqueIdentifier>{aea7a7e4-1fd7-46b8-8b97-7a8a7549a7d8}</UniqueIdentifier>
    </Filter>
    <Filter Include="GameObject">
      <UniqueIdentifier>{f03bcef5-616c-4bf6-897d-ed1300e98a76}</UniqueIdentifier>
    </Filter>
    <Filter Include="GameObject\Component">
      <UniqueIdentifier>{8a46f177-3617-43fa-ab1a-28387589cd92}</UniqueIdentifier>
    </Filter>
    <Filter Include="Scene">
      <UniqueIdentifier>{cf7d56b7-51bf-4646-a63f-11327a933aec}</UniqueIdentifier>
    </Filter>
  </ItemGroup>
  <ItemGroup>
    <ClCompile Include="Renderer.cpp">
      <Filter>Render</Filter>
    </ClCompile>
    <ClCompile Include="WindowManager.cpp">
      <Filter>Window</Filter>
    </ClCompile>
    <ClCompile Include="GameObjectBase.cpp">
      <Filter>GameObject</Filter>
    </ClCompile>
    <ClCompile Include="SceneBase.cpp">
      <Filter>Scene</Filter>
    </ClCompile>
    <ClCompile Include="ComponentBase.cpp">
      <Filter>GameObject\Component</Filter>
    </ClCompile>
    <ClCompile Include="ModelComponent.cpp">
      <Filter>GameObject\Component</Filter>
    </ClCompile>
    <ClCompile Include="CameraComponent.cpp">
      <Filter>GameObject\Component</Filter>
    </ClCompile>
    <ClCompile Include="SceneManager.cpp">
      <Filter>Scene</Filter>
    </ClCompile>
    <ClCompile Include="ResourceManager.cpp">
      <Filter>Render</Filter>
    </ClCompile>
  </ItemGroup>
  <ItemGroup>
    <ClInclude Include="Renderer.h">
      <Filter>Render</Filter>
    </ClInclude>
    <ClInclude Include="stdafx.h" />
    <ClInclude Include="WindowManager.h">
      <Filter>Window</Filter>
    </ClInclude>
    <ClInclude Include="GameObjectBase.h">
      <Filter>GameObject</Filter>
    </ClInclude>
    <ClInclude Include="SceneBase.h">
      <Filter>Scene</Filter>
    </ClInclude>
    <ClInclude Include="ComponentBase.h">
      <Filter>GameObject\Component</Filter>
    </ClInclude>
    <ClInclude Include="ModelComponent.h">
      <Filter>GameObject\Component</Filter>
    </ClInclude>
    <ClInclude Include="Singleton.h" />
    <ClInclude Include="CameraComponent.h">
      <Filter>GameObject\Component</Filter>
    </ClInclude>
    <ClInclude Include="SceneManager.h">
      <Filter>Scene</Filter>
    </ClInclude>
    <ClInclude Include="ResourceManager.h">
      <Filter>Render</Filter>
    </ClInclude>
    <ClInclude Include="Resource.h">
      <Filter>Render</Filter>
    </ClInclude>
    <ClInclude Include="IBase.h" />
  </ItemGroup>
  <ItemGroup>
    <FxCompile Include="..\Asset\Shader\PSPostProcessing.hlsl">
      <Filter>Shader</Filter>
    </FxCompile>
    <FxCompile Include="..\Asset\Shader\VSPostProcessing.hlsl">
      <Filter>Shader</Filter>
    </FxCompile>
    <FxCompile Include="..\Asset\Shader\PSModel.hlsl">
      <Filter>Shader</Filter>
    </FxCompile>
    <FxCompile Include="..\Asset\Shader\VSModel.hlsl">
      <Filter>Shader</Filter>
    </FxCompile>
    <FxCompile Include="..\Asset\Shader\PSSkybox.hlsl">
      <Filter>Shader</Filter>
    </FxCompile>
    <FxCompile Include="..\Asset\Shader\VSSkybox.hlsl">
      <Filter>Shader</Filter>
    </FxCompile>
  </ItemGroup>
</Project>